
Microsoft Visual Studio Solution File, Format Version 12.00
# Visual Studio 14
VisualStudioVersion = 14.0.23107.0
MinimumVisualStudioVersion = 10.0.40219.1
Project("{FAE04EC0-301F-11D3-BF4B-00C04F79EFBC}") = "TsLintCheckInPolicy", "TsLintCheckInPolicy\TsLintCheckInPolicy.csproj", "{B6B076BB-9E07-4436-8316-69A72807A45C}"
EndProject
Project("{2150E333-8FDC-42A3-9474-1A3956D46DE8}") = "Libraries", "Libraries", "{FC85D7BC-D91E-4E8A-8351-EABD9D764EBD}"
	ProjectSection(SolutionItems) = preProject
		Libraries\Community.StyleCop.CSharp.Rules.dll = Libraries\Community.StyleCop.CSharp.Rules.dll
		Libraries\StyleCop.CSharp.dll = Libraries\StyleCop.CSharp.dll
		Libraries\StyleCop.CSharp.Rules.dll = Libraries\StyleCop.CSharp.Rules.dll
		Libraries\StyleCop.dll = Libraries\StyleCop.dll
	EndProjectSection
EndProject
Project("{FAE04EC0-301F-11D3-BF4B-00C04F79EFBC}") = "TsLintCheckInPolicy2015", "TsLintCheckInPolicy2015\TsLintCheckInPolicy2015.csproj", "{E670926B-52DB-4C8A-9030-255393501D52}"
EndProject
Project("{FAE04EC0-301F-11D3-BF4B-00C04F79EFBC}") = "TsLintInstaller2015", "TsLintInstaller2015\TsLintInstaller2015.csproj", "{ED329375-74CB-4297-9F72-52AB2CAD2346}"
EndProject
Project("{FAE04EC0-301F-11D3-BF4B-00C04F79EFBC}") = "CheckinPolicy2015", "SourceAnalysisPolicy2015\CheckinPolicy2015.csproj", "{913534C5-A9CB-418C-BEBC-989322A9CC82}"
EndProject
Project("{2150E333-8FDC-42A3-9474-1A3956D46DE8}") = "2015", "2015", "{5FEF76F4-95FE-46D9-B20D-1DB61F5670EB}"
	ProjectSection(SolutionItems) = preProject
		Libraries\2015\StyleCop.CSharp.dll = Libraries\2015\StyleCop.CSharp.dll
		Libraries\2015\StyleCop.CSharp.Rules.dll = Libraries\2015\StyleCop.CSharp.Rules.dll
		Libraries\2015\StyleCop.dll = Libraries\2015\StyleCop.dll
	EndProjectSection
EndProject
Global
	GlobalSection(SolutionConfigurationPlatforms) = preSolution
		Debug|Any CPU = Debug|Any CPU
		Release|Any CPU = Release|Any CPU
	EndGlobalSection
	GlobalSection(ProjectConfigurationPlatforms) = postSolution
		{B6B076BB-9E07-4436-8316-69A72807A45C}.Debug|Any CPU.ActiveCfg = Debug|Any CPU
		{B6B076BB-9E07-4436-8316-69A72807A45C}.Debug|Any CPU.Build.0 = Debug|Any CPU
		{B6B076BB-9E07-4436-8316-69A72807A45C}.Release|Any CPU.ActiveCfg = Release|Any CPU
		{B6B076BB-9E07-4436-8316-69A72807A45C}.Release|Any CPU.Build.0 = Release|Any CPU
		{E670926B-52DB-4C8A-9030-255393501D52}.Debug|Any CPU.ActiveCfg = Debug|Any CPU
		{E670926B-52DB-4C8A-9030-255393501D52}.Debug|Any CPU.Build.0 = Debug|Any CPU
		{E670926B-52DB-4C8A-9030-255393501D52}.Release|Any CPU.ActiveCfg = Release|Any CPU
		{E670926B-52DB-4C8A-9030-255393501D52}.Release|Any CPU.Build.0 = Release|Any CPU
		{ED329375-74CB-4297-9F72-52AB2CAD2346}.Debug|Any CPU.ActiveCfg = Debug|Any CPU
		{ED329375-74CB-4297-9F72-52AB2CAD2346}.Debug|Any CPU.Build.0 = Debug|Any CPU
		{ED329375-74CB-4297-9F72-52AB2CAD2346}.Release|Any CPU.ActiveCfg = Release|Any CPU
		{ED329375-74CB-4297-9F72-52AB2CAD2346}.Release|Any CPU.Build.0 = Release|Any CPU
		{913534C5-A9CB-418C-BEBC-989322A9CC82}.Debug|Any CPU.ActiveCfg = Debug|Any CPU
		{913534C5-A9CB-418C-BEBC-989322A9CC82}.Debug|Any CPU.Build.0 = Debug|Any CPU
		{913534C5-A9CB-418C-BEBC-989322A9CC82}.Release|Any CPU.ActiveCfg = Release|Any CPU
		{913534C5-A9CB-418C-BEBC-989322A9CC82}.Release|Any CPU.Build.0 = Release|Any CPU
	EndGlobalSection
	GlobalSection(SolutionProperties) = preSolution
		HideSolutionNode = FALSE
	EndGlobalSection
	GlobalSection(NestedProjects) = preSolution
		{5FEF76F4-95FE-46D9-B20D-1DB61F5670EB} = {FC85D7BC-D91E-4E8A-8351-EABD9D764EBD}
	EndGlobalSection
EndGlobal
